
Microsoft Visual Studio Solution File, Format Version 12.00
# Visual Studio Version 16
VisualStudioVersion = 16.0.31702.278
MinimumVisualStudioVersion = 10.0.40219.1
Project("{FAE04EC0-301F-11D3-BF4B-00C04F79EFBC}") = "NguyenTamThanh", "NguyenTamThanh.csproj", "{308BE2AA-680C-40CF-8ECA-83C1B485211E}"
EndProject
Global
	GlobalSection(SolutionConfigurationPlatforms) = preSolution
		Debug|Any CPU = Debug|Any CPU
		Release|Any CPU = Release|Any CPU
	EndGlobalSection
	GlobalSection(ProjectConfigurationPlatforms) = postSolution
		{308BE2AA-680C-40CF-8ECA-83C1B485211E}.Debug|Any CPU.ActiveCfg = Debug|Any CPU
		{308BE2AA-680C-40CF-8ECA-83C1B485211E}.Debug|Any CPU.Build.0 = Debug|Any CPU
		{308BE2AA-680C-40CF-8ECA-83C1B485211E}.Release|Any CPU.ActiveCfg = Release|Any CPU
		{308BE2AA-680C-40CF-8ECA-83C1B485211E}.Release|Any CPU.Build.0 = Release|Any CPU
	EndGlobalSection
	GlobalSection(SolutionProperties) = preSolution
		HideSolutionNode = FALSE
	EndGlobalSection
	GlobalSection(ExtensibilityGlobals) = postSolution
		SolutionGuid = {87BC1393-EC8C-4DE1-8E4A-B64B242C23E1}
	EndGlobalSection
EndGlobal
